
Microsoft Visual Studio Solution File, Format Version 12.00
# Visual Studio Version 17
VisualStudioVersion = 17.6.33815.320
MinimumVisualStudioVersion = 10.0.40219.1
Project("{FAE04EC0-301F-11D3-BF4B-00C04F79EFBC}") = "StrToStr", "StrToStr.csproj", "{0CC3624E-AC3C-436A-AB29-AD6EF2F59982}"
EndProject
Global
	GlobalSection(SolutionConfigurationPlatforms) = preSolution
		Debug|Any CPU = Debug|Any CPU
		Release|Any CPU = Release|Any CPU
	EndGlobalSection
	GlobalSection(ProjectConfigurationPlatforms) = postSolution
		{0CC3624E-AC3C-436A-AB29-AD6EF2F59982}.Debug|Any CPU.ActiveCfg = Debug|Any CPU
		{0CC3624E-AC3C-436A-AB29-AD6EF2F59982}.Debug|Any CPU.Build.0 = Debug|Any CPU
		{0CC3624E-AC3C-436A-AB29-AD6EF2F59982}.Release|Any CPU.ActiveCfg = Release|Any CPU
		{0CC3624E-AC3C-436A-AB29-AD6EF2F59982}.Release|Any CPU.Build.0 = Release|Any CPU
	EndGlobalSection
	GlobalSection(SolutionProperties) = preSolution
		HideSolutionNode = FALSE
	EndGlobalSection
	GlobalSection(ExtensibilityGlobals) = postSolution
		SolutionGuid = {28075292-3F1C-48CE-82A1-D1DC176159FE}
	EndGlobalSection
EndGlobal
