
Microsoft Visual Studio Solution File, Format Version 12.00
# Visual Studio Version 17
VisualStudioVersion = 17.6.33815.320
MinimumVisualStudioVersion = 10.0.40219.1
Project("{9A19103F-16F7-4668-BE54-9A1E7A4F7556}") = "StrAICS", "StrAICS.csproj", "{B20D6E2C-48AE-44EA-8B5A-935D1EC28D00}"
EndProject
Global
	GlobalSection(SolutionConfigurationPlatforms) = preSolution
		Debug|Any CPU = Debug|Any CPU
		Release|Any CPU = Release|Any CPU
	EndGlobalSection
	GlobalSection(ProjectConfigurationPlatforms) = postSolution
		{B20D6E2C-48AE-44EA-8B5A-935D1EC28D00}.Debug|Any CPU.ActiveCfg = Debug|Any CPU
		{B20D6E2C-48AE-44EA-8B5A-935D1EC28D00}.Debug|Any CPU.Build.0 = Debug|Any CPU
		{B20D6E2C-48AE-44EA-8B5A-935D1EC28D00}.Release|Any CPU.ActiveCfg = Release|Any CPU
		{B20D6E2C-48AE-44EA-8B5A-935D1EC28D00}.Release|Any CPU.Build.0 = Release|Any CPU
	EndGlobalSection
	GlobalSection(SolutionProperties) = preSolution
		HideSolutionNode = FALSE
	EndGlobalSection
	GlobalSection(ExtensibilityGlobals) = postSolution
		SolutionGuid = {28075292-3F1C-48CE-82A1-D1DC176159FE}
	EndGlobalSection
EndGlobal
